
Microsoft Visual Studio Solution File, Format Version 12.00
# Visual Studio Version 17
VisualStudioVersion = 17.14.36310.24 d17.14
MinimumVisualStudioVersion = 10.0.40219.1
Project("{FAE04EC0-301F-11D3-BF4B-00C04F79EFBC}") = "Project_Structure", "Project_Structure\Project_Structure.csproj", "{DA2B6883-CA89-492C-B7F9-3783742D7DC2}"
EndProject
Project("{2150E333-8FDC-42A3-9474-1A3956D46DE8}") = "0-Core", "0-Core", "{02EA681E-C7D8-13C7-8484-4AC65E1B71E8}"
EndProject
Project("{2150E333-8FDC-42A3-9474-1A3956D46DE8}") = "1-Domain", "1-Domain", "{DDE5E711-4678-4A09-84D4-E27523264716}"
EndProject
Project("{2150E333-8FDC-42A3-9474-1A3956D46DE8}") = "2-DataAccessLayer", "2-DataAccessLayer", "{B03B2564-BD2B-4A4F-9190-DCDF61D83063}"
EndProject
Project("{2150E333-8FDC-42A3-9474-1A3956D46DE8}") = "3-BusinessLogicLayer", "3-BusinessLogicLayer", "{3455A75B-4CB1-45E5-8D3C-45EDBF6A5F9A}"
EndProject
Project("{2150E333-8FDC-42A3-9474-1A3956D46DE8}") = "4-APIs", "4-APIs", "{B522D028-945D-434B-908C-709D77806EFC}"
EndProject
Project("{FAE04EC0-301F-11D3-BF4B-00C04F79EFBC}") = "Core", "Core\Core.csproj", "{A695C50F-21E9-4C5B-8545-5A1A2FF11D75}"
EndProject
Project("{FAE04EC0-301F-11D3-BF4B-00C04F79EFBC}") = "DomainLayer", "DomainLayer\DomainLayer.csproj", "{16F872DC-0024-478B-ABC1-0F358846776A}"
EndProject
Project("{FAE04EC0-301F-11D3-BF4B-00C04F79EFBC}") = "DataAccessLayer", "DataAccessLayer\DataAccessLayer.csproj", "{34562E39-DD92-4EEF-9A01-25B73751BBB2}"
EndProject
Project("{FAE04EC0-301F-11D3-BF4B-00C04F79EFBC}") = "BusinessLogicLayer", "BusinessLogicLayer\BusinessLogicLayer.csproj", "{2BB5E247-FF49-4BA5-9960-D5CEC89971A2}"
EndProject
Global
	GlobalSection(SolutionConfigurationPlatforms) = preSolution
		Debug|Any CPU = Debug|Any CPU
		Release|Any CPU = Release|Any CPU
	EndGlobalSection
	GlobalSection(ProjectConfigurationPlatforms) = postSolution
		{DA2B6883-CA89-492C-B7F9-3783742D7DC2}.Debug|Any CPU.ActiveCfg = Debug|Any CPU
		{DA2B6883-CA89-492C-B7F9-3783742D7DC2}.Debug|Any CPU.Build.0 = Debug|Any CPU
		{DA2B6883-CA89-492C-B7F9-3783742D7DC2}.Release|Any CPU.ActiveCfg = Release|Any CPU
		{DA2B6883-CA89-492C-B7F9-3783742D7DC2}.Release|Any CPU.Build.0 = Release|Any CPU
		{A695C50F-21E9-4C5B-8545-5A1A2FF11D75}.Debug|Any CPU.ActiveCfg = Debug|Any CPU
		{A695C50F-21E9-4C5B-8545-5A1A2FF11D75}.Debug|Any CPU.Build.0 = Debug|Any CPU
		{A695C50F-21E9-4C5B-8545-5A1A2FF11D75}.Release|Any CPU.ActiveCfg = Release|Any CPU
		{A695C50F-21E9-4C5B-8545-5A1A2FF11D75}.Release|Any CPU.Build.0 = Release|Any CPU
		{16F872DC-0024-478B-ABC1-0F358846776A}.Debug|Any CPU.ActiveCfg = Debug|Any CPU
		{16F872DC-0024-478B-ABC1-0F358846776A}.Debug|Any CPU.Build.0 = Debug|Any CPU
		{16F872DC-0024-478B-ABC1-0F358846776A}.Release|Any CPU.ActiveCfg = Release|Any CPU
		{16F872DC-0024-478B-ABC1-0F358846776A}.Release|Any CPU.Build.0 = Release|Any CPU
		{34562E39-DD92-4EEF-9A01-25B73751BBB2}.Debug|Any CPU.ActiveCfg = Debug|Any CPU
		{34562E39-DD92-4EEF-9A01-25B73751BBB2}.Debug|Any CPU.Build.0 = Debug|Any CPU
		{34562E39-DD92-4EEF-9A01-25B73751BBB2}.Release|Any CPU.ActiveCfg = Release|Any CPU
		{34562E39-DD92-4EEF-9A01-25B73751BBB2}.Release|Any CPU.Build.0 = Release|Any CPU
		{2BB5E247-FF49-4BA5-9960-D5CEC89971A2}.Debug|Any CPU.ActiveCfg = Debug|Any CPU
		{2BB5E247-FF49-4BA5-9960-D5CEC89971A2}.Debug|Any CPU.Build.0 = Debug|Any CPU
		{2BB5E247-FF49-4BA5-9960-D5CEC89971A2}.Release|Any CPU.ActiveCfg = Release|Any CPU
		{2BB5E247-FF49-4BA5-9960-D5CEC89971A2}.Release|Any CPU.Build.0 = Release|Any CPU
	EndGlobalSection
	GlobalSection(SolutionProperties) = preSolution
		HideSolutionNode = FALSE
	EndGlobalSection
	GlobalSection(NestedProjects) = preSolution
		{DA2B6883-CA89-492C-B7F9-3783742D7DC2} = {B522D028-945D-434B-908C-709D77806EFC}
		{A695C50F-21E9-4C5B-8545-5A1A2FF11D75} = {02EA681E-C7D8-13C7-8484-4AC65E1B71E8}
		{16F872DC-0024-478B-ABC1-0F358846776A} = {DDE5E711-4678-4A09-84D4-E27523264716}
		{34562E39-DD92-4EEF-9A01-25B73751BBB2} = {B03B2564-BD2B-4A4F-9190-DCDF61D83063}
		{2BB5E247-FF49-4BA5-9960-D5CEC89971A2} = {3455A75B-4CB1-45E5-8D3C-45EDBF6A5F9A}
	EndGlobalSection
	GlobalSection(ExtensibilityGlobals) = postSolution
		SolutionGuid = {B25F699E-2644-4138-A134-FCA8A3D97DC6}
	EndGlobalSection
EndGlobal
